
Microsoft Visual Studio Solution File, Format Version 12.00
# Visual Studio Version 17
VisualStudioVersion = 17.0.32014.148
MinimumVisualStudioVersion = 10.0.40219.1
Project("{FAE04EC0-301F-11D3-BF4B-00C04F79EFBC}") = "LesliesWarehouseAPI", "LesliesWarehouseAPI\LesliesWarehouseAPI.csproj", "{8B866B87-AD03-4DFE-9B65-AF496C25755A}"
EndProject
Global
	GlobalSection(SolutionConfigurationPlatforms) = preSolution
		Debug|Any CPU = Debug|Any CPU
		Release|Any CPU = Release|Any CPU
	EndGlobalSection
	GlobalSection(ProjectConfigurationPlatforms) = postSolution
		{8B866B87-AD03-4DFE-9B65-AF496C25755A}.Debug|Any CPU.ActiveCfg = Debug|Any CPU
		{8B866B87-AD03-4DFE-9B65-AF496C25755A}.Debug|Any CPU.Build.0 = Debug|Any CPU
		{8B866B87-AD03-4DFE-9B65-AF496C25755A}.Release|Any CPU.ActiveCfg = Release|Any CPU
		{8B866B87-AD03-4DFE-9B65-AF496C25755A}.Release|Any CPU.Build.0 = Release|Any CPU
	EndGlobalSection
	GlobalSection(SolutionProperties) = preSolution
		HideSolutionNode = FALSE
	EndGlobalSection
	GlobalSection(ExtensibilityGlobals) = postSolution
		SolutionGuid = {5092D914-628D-41C5-A957-8BA6EF32B2D9}
	EndGlobalSection
EndGlobal
